// !$*UTF8*$!
{
	archiveVersion = 1;
	classes = {
	};
	objectVersion = 46;
	objects = {

/* Begin PBXBuildFile section */
		8487210B1B4B1F4E00C9A5EE /* main.m in Sources */ = {isa = PBXBuildFile; fileRef = 8487210A1B4B1F4E00C9A5EE /* main.m */; };
		8487210E1B4B1F4E00C9A5EE /* AppDelegate.m in Sources */ = {isa = PBXBuildFile; fileRef = 8487210D1B4B1F4E00C9A5EE /* AppDelegate.m */; };
		848721111B4B1F4E00C9A5EE /* ViewController.m in Sources */ = {isa = PBXBuildFile; fileRef = 848721101B4B1F4E00C9A5EE /* ViewController.m */; };
		848721141B4B1F4E00C9A5EE /* Main.storyboard in Resources */ = {isa = PBXBuildFile; fileRef = 848721121B4B1F4E00C9A5EE /* Main.storyboard */; };
		848721161B4B1F4E00C9A5EE /* Images.xcassets in Resources */ = {isa = PBXBuildFile; fileRef = 848721151B4B1F4E00C9A5EE /* Images.xcassets */; };
		848721191B4B1F4E00C9A5EE /* LaunchScreen.xib in Resources */ = {isa = PBXBuildFile; fileRef = 848721171B4B1F4E00C9A5EE /* LaunchScreen.xib */; };
		848721251B4B1F4E00C9A5EE /* EightBallTests.m in Sources */ = {isa = PBXBuildFile; fileRef = 848721241B4B1F4E00C9A5EE /* EightBallTests.m */; };
/* End PBXBuildFile section */

/* Begin PBXContainerItemProxy section */
		8487211F1B4B1F4E00C9A5EE /* PBXContainerItemProxy */ = {
			isa = PBXContainerItemProxy;
			containerPortal = 848720FD1B4B1F4E00C9A5EE /* Project object */;
			proxyType = 1;
			remoteGlobalIDString = 848721041B4B1F4E00C9A5EE;
			remoteInfo = EightBall;
		};
/* End PBXContainerItemProxy section */

/* Begin PBXFileReference section */
		848721051B4B1F4E00C9A5EE /* EightBall.app */ = {isa = PBXFileReference; explicitFileType = wrapper.application; includeInIndex = 0; path = EightBall.app; sourceTree = BUILT_PRODUCTS_DIR; };
		848721091B4B1F4E00C9A5EE /* Info.plist */ = {isa = PBXFileReference; lastKnownFileType = text.plist.xml; path = Info.plist; sourceTree = "<group>"; };
		8487210A1B4B1F4E00C9A5EE /* main.m */ = {isa = PBXFileReference; lastKnownFileType = sourcecode.c.objc; path = main.m; sourceTree = "<group>"; };
		8487210C1B4B1F4E00C9A5EE /* AppDelegate.h */ = {isa = PBXFileReference; lastKnownFileType = sourcecode.c.h; path = AppDelegate.h; sourceTree = "<group>"; };
		8487210D1B4B1F4E00C9A5EE /* AppDelegate.m */ = {isa = PBXFileReference; lastKnownFileType = sourcecode.c.objc; path = AppDelegate.m; sourceTree = "<group>"; };
		8487210F1B4B1F4E00C9A5EE /* ViewController.h */ = {isa = PBXFileReference; lastKnownFileType = sourcecode.c.h; path = ViewController.h; sourceTree = "<group>"; };
		848721101B4B1F4E00C9A5EE /* ViewController.m */ = {isa = PBXFileReference; lastKnownFileType = sourcecode.c.objc; path = ViewController.m; sourceTree = "<group>"; };
		848721131B4B1F4E00C9A5EE /* Base */ = {isa = PBXFileReference; lastKnownFileType = file.storyboard; name = Base; path = Base.lproj/Main.storyboard; sourceTree = "<group>"; };
		848721151B4B1F4E00C9A5EE /* Images.xcassets */ = {isa = PBXFileReference; lastKnownFileType = folder.assetcatalog; path = Images.xcassets; sourceTree = "<group>"; };
		848721181B4B1F4E00C9A5EE /* Base */ = {isa = PBXFileReference; lastKnownFileType = file.xib; name = Base; path = Base.lproj/LaunchScreen.xib; sourceTree = "<group>"; };
		8487211E1B4B1F4E00C9A5EE /* EightBallTests.xctest */ = {isa = PBXFileReference; explicitFileType = wrapper.cfbundle; includeInIndex = 0; path = EightBallTests.xctest; sourceTree = BUILT_PRODUCTS_DIR; };
		848721231B4B1F4E00C9A5EE /* Info.plist */ = {isa = PBXFileReference; lastKnownFileType = text.plist.xml; path = Info.plist; sourceTree = "<group>"; };
		848721241B4B1F4E00C9A5EE /* EightBallTests.m */ = {isa = PBXFileReference; lastKnownFileType = sourcecode.c.objc; path = EightBallTests.m; sourceTree = "<group>"; };
/* End PBXFileReference section */

/* Begin PBXFrameworksBuildPhase section */
		848721021B4B1F4E00C9A5EE /* Frameworks */ = {
			isa = PBXFrameworksBuildPhase;
			buildActionMask = 2147483647;
			files = (
			);
			runOnlyForDeploymentPostprocessing = 0;
		};
		8487211B1B4B1F4E00C9A5EE /* Frameworks */ = {
			isa = PBXFrameworksBuildPhase;
			buildActionMask = 2147483647;
			files = (
			);
			runOnlyForDeploymentPostprocessing = 0;
		};
/* End PBXFrameworksBuildPhase section */

/* Begin PBXGroup section */
		848720FC1B4B1F4E00C9A5EE = {
			isa = PBXGroup;
			children = (
				848721071B4B1F4E00C9A5EE /* EightBall */,
				848721211B4B1F4E00C9A5EE /* EightBallTests */,
				848721061B4B1F4E00C9A5EE /* Products */,
			);
			sourceTree = "<group>";
		};
		848721061B4B1F4E00C9A5EE /* Products */ = {
			isa = PBXGroup;
			children = (
				848721051B4B1F4E00C9A5EE /* EightBall.app */,
				8487211E1B4B1F4E00C9A5EE /* EightBallTests.xctest */,
			);
			name = Products;
			sourceTree = "<group>";
		};
		848721071B4B1F4E00C9A5EE /* EightBall */ = {
			isa = PBXGroup;
			children = (
				8487210C1B4B1F4E00C9A5EE /* AppDelegate.h */,
				8487210D1B4B1F4E00C9A5EE /* AppDelegate.m */,
				8487210F1B4B1F4E00C9A5EE /* ViewController.h */,
				848721101B4B1F4E00C9A5EE /* ViewController.m */,
				848721121B4B1F4E00C9A5EE /* Main.storyboard */,
				848721151B4B1F4E00C9A5EE /* Images.xcassets */,
				848721171B4B1F4E00C9A5EE /* LaunchScreen.xib */,
				848721081B4B1F4E00C9A5EE /* Supporting Files */,
			);
			path = EightBall;
			sourceTree = "<group>";
		};
		848721081B4B1F4E00C9A5EE /* Supporting Files */ = {
			isa = PBXGroup;
			children = (
				848721091B4B1F4E00C9A5EE /* Info.plist */,
				8487210A1B4B1F4E00C9A5EE /* main.m */,
			);
			name = "Supporting Files";
			sourceTree = "<group>";
		};
		848721211B4B1F4E00C9A5EE /* EightBallTests */ = {
			isa = PBXGroup;
			children = (
				848721241B4B1F4E00C9A5EE /* EightBallTests.m */,
				848721221B4B1F4E00C9A5EE /* Supporting Files */,
			);
			path = EightBallTests;
			sourceTree = "<group>";
		};
		848721221B4B1F4E00C9A5EE /* Supporting Files */ = {
			isa = PBXGroup;
			children = (
				848721231B4B1F4E00C9A5EE /* Info.plist */,
			);
			name = "Supporting Files";
			sourceTree = "<group>";
		};
/* End PBXGroup section */

/* Begin PBXNativeTarget section */
		848721041B4B1F4E00C9A5EE /* EightBall */ = {
			isa = PBXNativeTarget;
			buildConfigurationList = 848721281B4B1F4E00C9A5EE /* Build configuration list for PBXNativeTarget "EightBall" */;
			buildPhases = (
				848721011B4B1F4E00C9A5EE /* Sources */,
				848721021B4B1F4E00C9A5EE /* Frameworks */,
				848721031B4B1F4E00C9A5EE /* Resources */,
			);
			buildRules = (
			);
			dependencies = (
			);
			name = EightBall;
			productName = EightBall;
			productReference = 848721051B4B1F4E00C9A5EE /* EightBall.app */;
			productType = "com.apple.product-type.application";
		};
		8487211D1B4B1F4E00C9A5EE /* EightBallTests */ = {
			isa = PBXNativeTarget;
			buildConfigurationList = 8487212B1B4B1F4E00C9A5EE /* Build configuration list for PBXNativeTarget "EightBallTests" */;
			buildPhases = (
				8487211A1B4B1F4E00C9A5EE /* Sources */,
				8487211B1B4B1F4E00C9A5EE /* Frameworks */,
				8487211C1B4B1F4E00C9A5EE /* Resources */,
			);
			buildRules = (
			);
			dependencies = (
				848721201B4B1F4E00C9A5EE /* PBXTargetDependency */,
			);
			name = EightBallTests;
			productName = EightBallTests;
			productReference = 8487211E1B4B1F4E00C9A5EE /* EightBallTests.xctest */;
			productType = "com.apple.product-type.bundle.unit-test";
		};
/* End PBXNativeTarget section */

/* Begin PBXProject section */
		848720FD1B4B1F4E00C9A5EE /* Project object */ = {
			isa = PBXProject;
			attributes = {
				LastUpgradeCheck = 0640;
				ORGANIZATIONNAME = "Rock&App";
				TargetAttributes = {
					848721041B4B1F4E00C9A5EE = {
						CreatedOnToolsVersion = 6.4;
					};
					8487211D1B4B1F4E00C9A5EE = {
						CreatedOnToolsVersion = 6.4;
						TestTargetID = 848721041B4B1F4E00C9A5EE;
					};
				};
			};
			buildConfigurationList = 848721001B4B1F4E00C9A5EE /* Build configuration list for PBXProject "EightBall" */;
			compatibilityVersion = "Xcode 3.2";
			developmentRegion = English;
			hasScannedForEncodings = 0;
			knownRegions = (
				en,
				Base,
			);
			mainGroup = 848720FC1B4B1F4E00C9A5EE;
			productRefGroup = 848721061B4B1F4E00C9A5EE /* Products */;
			projectDirPath = "";
			projectRoot = "";
			targets = (
				848721041B4B1F4E00C9A5EE /* EightBall */,
				8487211D1B4B1F4E00C9A5EE /* EightBallTests */,
			);
		};
/* End PBXProject section */

/* Begin PBXResourcesBuildPhase section */
		848721031B4B1F4E00C9A5EE /* Resources */ = {
			isa = PBXResourcesBuildPhase;
			buildActionMask = 2147483647;
			files = (
				848721141B4B1F4E00C9A5EE /* Main.storyboard in Resources */,
				848721191B4B1F4E00C9A5EE /* LaunchScreen.xib in Resources */,
				848721161B4B1F4E00C9A5EE /* Images.xcassets in Resources */,
			);
			runOnlyForDeploymentPostprocessing = 0;
		};
		8487211C1B4B1F4E00C9A5EE /* Resources */ = {
			isa = PBXResourcesBuildPhase;
			buildActionMask = 2147483647;
			files = (
			);
			runOnlyForDeploymentPostprocessing = 0;
		};
/* End PBXResourcesBuildPhase section */

/* Begin PBXSourcesBuildPhase section */
		848721011B4B1F4E00C9A5EE /* Sources */ = {
			isa = PBXSourcesBuildPhase;
			buildActionMask = 2147483647;
			files = (
				848721111B4B1F4E00C9A5EE /* ViewController.m in Sources */,
				8487210E1B4B1F4E00C9A5EE /* AppDelegate.m in Sources */,
				8487210B1B4B1F4E00C9A5EE /* main.m in Sources */,
			);
			runOnlyForDeploymentPostprocessing = 0;
		};
		8487211A1B4B1F4E00C9A5EE /* Sources */ = {
			isa = PBXSourcesBuildPhase;
			buildActionMask = 2147483647;
			files = (
				848721251B4B1F4E00C9A5EE /* EightBallTests.m in Sources */,
			);
			runOnlyForDeploymentPostprocessing = 0;
		};
/* End PBXSourcesBuildPhase section */

/* Begin PBXTargetDependency section */
		848721201B4B1F4E00C9A5EE /* PBXTargetDependency */ = {
			isa = PBXTargetDependency;
			target = 848721041B4B1F4E00C9A5EE /* EightBall */;
			targetProxy = 8487211F1B4B1F4E00C9A5EE /* PBXContainerItemProxy */;
		};
/* End PBXTargetDependency section */

/* Begin PBXVariantGroup section */
		848721121B4B1F4E00C9A5EE /* Main.storyboard */ = {
			isa = PBXVariantGroup;
			children = (
				848721131B4B1F4E00C9A5EE /* Base */,
			);
			name = Main.storyboard;
			sourceTree = "<group>";
		};
		848721171B4B1F4E00C9A5EE /* LaunchScreen.xib */ = {
			isa = PBXVariantGroup;
			children = (
				848721181B4B1F4E00C9A5EE /* Base */,
			);
			name = LaunchScreen.xib;
			sourceTree = "<group>";
		};
/* End PBXVariantGroup section */

/* Begin XCBuildConfiguration section */
		848721261B4B1F4E00C9A5EE /* Debug */ = {
			isa = XCBuildConfiguration;
			buildSettings = {
				ALWAYS_SEARCH_USER_PATHS = NO;
				CLANG_CXX_LANGUAGE_STANDARD = "gnu++0x";
				CLANG_CXX_LIBRARY = "libc++";
				CLANG_ENABLE_MODULES = YES;
				CLANG_ENABLE_OBJC_ARC = YES;
				CLANG_WARN_BOOL_CONVERSION = YES;
				CLANG_WARN_CONSTANT_CONVERSION = YES;
				CLANG_WARN_DIRECT_OBJC_ISA_USAGE = YES_ERROR;
				CLANG_WARN_EMPTY_BODY = YES;
				CLANG_WARN_ENUM_CONVERSION = YES;
				CLANG_WARN_INT_CONVERSION = YES;
				CLANG_WARN_OBJC_ROOT_CLASS = YES_ERROR;
				CLANG_WARN_UNREACHABLE_CODE = YES;
				CLANG_WARN__DUPLICATE_METHOD_MATCH = YES;
				"CODE_SIGN_IDENTITY[sdk=iphoneos*]" = "iPhone Developer";
				COPY_PHASE_STRIP = NO;
				DEBUG_INFORMATION_FORMAT = "dwarf-with-dsym";
				ENABLE_STRICT_OBJC_MSGSEND = YES;
				GCC_C_LANGUAGE_STANDARD = gnu99;
				GCC_DYNAMIC_NO_PIC = NO;
				GCC_NO_COMMON_BLOCKS = YES;
				GCC_OPTIMIZATION_LEVEL = 0;
				GCC_PREPROCESSOR_DEFINITIONS = (
					"DEBUG=1",
					"$(inherited)",
				);
				GCC_SYMBOLS_PRIVATE_EXTERN = NO;
				GCC_WARN_64_TO_32_BIT_CONVERSION = YES;
				GCC_WARN_ABOUT_RETURN_TYPE = YES_ERROR;
				GCC_WARN_UNDECLARED_SELECTOR = YES;
				GCC_WARN_UNINITIALIZED_AUTOS = YES_AGGRESSIVE;
				GCC_WARN_UNUSED_FUNCTION = YES;
				GCC_WARN_UNUSED_VARIABLE = YES;
				IPHONEOS_DEPLOYMENT_TARGET = 8.4;
				MTL_ENABLE_DEBUG_INFO = YES;
				ONLY_ACTIVE_ARCH = YES;
				SDKROOT = iphoneos;
			};
			name = Debug;
		};
		848721271B4B1F4E00C9A5EE /* Release */ = {
			isa = XCBuildConfiguration;
			buildSettings = {
				ALWAYS_SEARCH_USER_PATHS = NO;
				CLANG_CXX_LANGUAGE_STANDARD = "gnu++0x";
				CLANG_CXX_LIBRARY = "libc++";
				CLANG_ENABLE_MODULES = YES;
				CLANG_ENABLE_OBJC_ARC = YES;
				CLANG_WARN_BOOL_CONVERSION = YES;
				CLANG_WARN_CONSTANT_CONVERSION = YES;
				CLANG_WARN_DIRECT_OBJC_ISA_USAGE = YES_ERROR;
				CLANG_WARN_EMPTY_BODY = YES;
				CLANG_WARN_ENUM_CONVERSION = YES;
				CLANG_WARN_INT_CONVERSION = YES;
				CLANG_WARN_OBJC_ROOT_CLASS = YES_ERROR;
				CLANG_WARN_UNREACHABLE_CODE = YES;
				CLANG_WARN__DUPLICATE_METHOD_MATCH = YES;
				"CODE_SIGN_IDENTITY[sdk=iphoneos*]" = "iPhone Developer";
				COPY_PHASE_STRIP = NO;
				DEBUG_INFORMATION_FORMAT = "dwarf-with-dsym";
				ENABLE_NS_ASSERTIONS = NO;
				ENABLE_STRICT_OBJC_MSGSEND = YES;
				GCC_C_LANGUAGE_STANDARD = gnu99;
				GCC_NO_COMMON_BLOCKS = YES;
				GCC_WARN_64_TO_32_BIT_CONVERSION = YES;
				GCC_WARN_ABOUT_RETURN_TYPE = YES_ERROR;
				GCC_WARN_UNDECLARED_SELECTOR = YES;
				GCC_WARN_UNINITIALIZED_AUTOS = YES_AGGRESSIVE;
				GCC_WARN_UNUSED_FUNCTION = YES;
				GCC_WARN_UNUSED_VARIABLE = YES;
				IPHONEOS_DEPLOYMENT_TARGET = 8.4;
				MTL_ENABLE_DEBUG_INFO = NO;
				SDKROOT = iphoneos;
				VALIDATE_PRODUCT = YES;
			};
			name = Release;
		};
		848721291B4B1F4E00C9A5EE /* Debug */ = {
			isa = XCBuildConfiguration;
			buildSettings = {
				ASSETCATALOG_COMPILER_APPICON_NAME = AppIcon;
				INFOPLIST_FILE = EightBall/Info.plist;
				LD_RUNPATH_SEARCH_PATHS = "$(inherited) @executable_path/Frameworks";
				PRODUCT_NAME = "$(TARGET_NAME)";
			};
			name = Debug;
		};
		8487212A1B4B1F4E00C9A5EE /* Release */ = {
			isa = XCBuildConfiguration;
			buildSettings = {
				ASSETCATALOG_COMPILER_APPICON_NAME = AppIcon;
				INFOPLIST_FILE = EightBall/Info.plist;
				LD_RUNPATH_SEARCH_PATHS = "$(inherited) @executable_path/Frameworks";
				PRODUCT_NAME = "$(TARGET_NAME)";
			};
			name = Release;
		};
		8487212C1B4B1F4E00C9A5EE /* Debug */ = {
			isa = XCBuildConfiguration;
			buildSettings = {
				BUNDLE_LOADER = "$(TEST_HOST)";
				FRAMEWORK_SEARCH_PATHS = (
					"$(SDKROOT)/Developer/Library/Frameworks",
					"$(inherited)",
				);
				GCC_PREPROCESSOR_DEFINITIONS = (
					"DEBUG=1",
					"$(inherited)",
				);
				INFOPLIST_FILE = EightBallTests/Info.plist;
				LD_RUNPATH_SEARCH_PATHS = "$(inherited) @executable_path/Frameworks @loader_path/Frameworks";
				PRODUCT_NAME = "$(TARGET_NAME)";
				TEST_HOST = "$(BUILT_PRODUCTS_DIR)/EightBall.app/EightBall";
			};
			name = Debug;
		};
		8487212D1B4B1F4E00C9A5EE /* Release */ = {
			isa = XCBuildConfiguration;
			buildSettings = {
				BUNDLE_LOADER = "$(TEST_HOST)";
				FRAMEWORK_SEARCH_PATHS = (
					"$(SDKROOT)/Developer/Library/Frameworks",
					"$(inherited)",
				);
				INFOPLIST_FILE = EightBallTests/Info.plist;
				LD_RUNPATH_SEARCH_PATHS = "$(inherited) @executable_path/Frameworks @loader_path/Frameworks";
				PRODUCT_NAME = "$(TARGET_NAME)";
				TEST_HOST = "$(BUILT_PRODUCTS_DIR)/EightBall.app/EightBall";
			};
			name = Release;
		};
/* End XCBuildConfiguration section */

/* Begin XCConfigurationList section */
		848721001B4B1F4E00C9A5EE /* Build configuration list for PBXProject "EightBall" */ = {
			isa = XCConfigurationList;
			buildConfigurations = (
				848721261B4B1F4E00C9A5EE /* Debug */,
				848721271B4B1F4E00C9A5EE /* Release */,
			);
			defaultConfigurationIsVisible = 0;
			defaultConfigurationName = Release;
		};
		848721281B4B1F4E00C9A5EE /* Build configuration list for PBXNativeTarget "EightBall" */ = {
			isa = XCConfigurationList;
			buildConfigurations = (
				848721291B4B1F4E00C9A5EE /* Debug */,
				8487212A1B4B1F4E00C9A5EE /* Release */,
			);
			defaultConfigurationIsVisible = 0;
		};
		8487212B1B4B1F4E00C9A5EE /* Build configuration list for PBXNativeTarget "EightBallTests" */ = {
			isa = XCConfigurationList;
			buildConfigurations = (
				8487212C1B4B1F4E00C9A5EE /* Debug */,
				8487212D1B4B1F4E00C9A5EE /* Release */,
			);
			defaultConfigurationIsVisible = 0;
		};
/* End XCConfigurationList section */
	};
	rootObject = 848720FD1B4B1F4E00C9A5EE /* Project object */;
}
